
Microsoft Visual Studio Solution File, Format Version 12.00
# Visual Studio Version 17
VisualStudioVersion = 17.3.32929.385
MinimumVisualStudioVersion = 10.0.40219.1
Project("{9A19103F-16F7-4668-BE54-9A1E7A4F7556}") = "Connect4Server", "Connect4Server\Connect4Server.csproj", "{2BD14A3D-C705-4C7E-9C8D-19279440EB22}"
EndProject
Project("{9A19103F-16F7-4668-BE54-9A1E7A4F7556}") = "Connect4", "Connect4\Connect4.csproj", "{C3B8EF45-ED78-4FFC-AFA3-7ACFE44FF97A}"
EndProject
Project("{9A19103F-16F7-4668-BE54-9A1E7A4F7556}") = "Connect4Test", "Connect4Test\Connect4Test.csproj", "{DC5E745C-4BC9-492A-846D-0416D448C0E1}"
EndProject
Global
	GlobalSection(SolutionConfigurationPlatforms) = preSolution
		Debug|Any CPU = Debug|Any CPU
		Release|Any CPU = Release|Any CPU
	EndGlobalSection
	GlobalSection(ProjectConfigurationPlatforms) = postSolution
		{2BD14A3D-C705-4C7E-9C8D-19279440EB22}.Debug|Any CPU.ActiveCfg = Debug|Any CPU
		{2BD14A3D-C705-4C7E-9C8D-19279440EB22}.Debug|Any CPU.Build.0 = Debug|Any CPU
		{2BD14A3D-C705-4C7E-9C8D-19279440EB22}.Release|Any CPU.ActiveCfg = Release|Any CPU
		{2BD14A3D-C705-4C7E-9C8D-19279440EB22}.Release|Any CPU.Build.0 = Release|Any CPU
		{C3B8EF45-ED78-4FFC-AFA3-7ACFE44FF97A}.Debug|Any CPU.ActiveCfg = Debug|Any CPU
		{C3B8EF45-ED78-4FFC-AFA3-7ACFE44FF97A}.Debug|Any CPU.Build.0 = Debug|Any CPU
		{C3B8EF45-ED78-4FFC-AFA3-7ACFE44FF97A}.Release|Any CPU.ActiveCfg = Release|Any CPU
		{C3B8EF45-ED78-4FFC-AFA3-7ACFE44FF97A}.Release|Any CPU.Build.0 = Release|Any CPU
		{DC5E745C-4BC9-492A-846D-0416D448C0E1}.Debug|Any CPU.ActiveCfg = Debug|Any CPU
		{DC5E745C-4BC9-492A-846D-0416D448C0E1}.Debug|Any CPU.Build.0 = Debug|Any CPU
		{DC5E745C-4BC9-492A-846D-0416D448C0E1}.Release|Any CPU.ActiveCfg = Release|Any CPU
		{DC5E745C-4BC9-492A-846D-0416D448C0E1}.Release|Any CPU.Build.0 = Release|Any CPU
	EndGlobalSection
	GlobalSection(SolutionProperties) = preSolution
		HideSolutionNode = FALSE
	EndGlobalSection
	GlobalSection(ExtensibilityGlobals) = postSolution
		SolutionGuid = {8D9A87F4-8F83-45A1-BE90-DB30FE5211EC}
	EndGlobalSection
EndGlobal
